
Microsoft Visual Studio Solution File, Format Version 12.00
# Visual Studio Version 17
VisualStudioVersion = 17.9.34607.119
MinimumVisualStudioVersion = 10.0.40219.1
Project("{FAE04EC0-301F-11D3-BF4B-00C04F79EFBC}") = "ProjectGenerator.BusinessLayer", "ProjectGenerator.BusinessLayer.csproj", "{8FE27CDE-FBDC-4547-9E9E-629C5F04EFD0}"
EndProject
Global
	GlobalSection(SolutionConfigurationPlatforms) = preSolution
		Debug|Any CPU = Debug|Any CPU
		Release|Any CPU = Release|Any CPU
	EndGlobalSection
	GlobalSection(ProjectConfigurationPlatforms) = postSolution
		{8FE27CDE-FBDC-4547-9E9E-629C5F04EFD0}.Debug|Any CPU.ActiveCfg = Debug|Any CPU
		{8FE27CDE-FBDC-4547-9E9E-629C5F04EFD0}.Debug|Any CPU.Build.0 = Debug|Any CPU
		{8FE27CDE-FBDC-4547-9E9E-629C5F04EFD0}.Release|Any CPU.ActiveCfg = Release|Any CPU
		{8FE27CDE-FBDC-4547-9E9E-629C5F04EFD0}.Release|Any CPU.Build.0 = Release|Any CPU
	EndGlobalSection
	GlobalSection(SolutionProperties) = preSolution
		HideSolutionNode = FALSE
	EndGlobalSection
	GlobalSection(ExtensibilityGlobals) = postSolution
		SolutionGuid = {85656DC0-DD5B-4552-8AEF-6D66DF5A49E2}
	EndGlobalSection
EndGlobal
